Microsoft Visual Studio Solution File, Format Version 12.00
# Visual Studio Version 17
VisualStudioVersion = 17.0.31903.59
MinimumVisualStudioVersion = 10.0.40219.1
Project("{FAE04EC0-301F-11D3-BF4B-00C04F79EFBC}") = "MuseBox", "MuseBox.csproj", "{8B513873-2D57-4B78-A125-4649A92B958B}"
EndProject
Project("{FAE04EC0-301F-11D3-BF4B-00C04F79EFBC}") = "MuseBox.Tests", "MuseBox.Tests\MuseBox.Tests.csproj", "{0977D534-5D70-4D3C-A61D-7F8331AE0997}"
EndProject
Global
	GlobalSection(SolutionConfigurationPlatforms) = preSolution
		Debug|Any CPU = Debug|Any CPU
		Release|Any CPU = Release|Any CPU
	EndGlobalSection
	GlobalSection(ProjectConfigurationPlatforms) = postSolution
		{8B513873-2D57-4B78-A125-4649A92B958B}.Debug|Any CPU.ActiveCfg = Debug|Any CPU
		{8B513873-2D57-4B78-A125-4649A92B958B}.Debug|Any CPU.Build.0 = Debug|Any CPU
		{8B513873-2D57-4B78-A125-4649A92B958B}.Release|Any CPU.ActiveCfg = Release|Any CPU
		{8B513873-2D57-4B78-A125-4649A92B958B}.Release|Any CPU.Build.0 = Release|Any CPU
		{0977D534-5D70-4D3C-A61D-7F8331AE0997}.Debug|Any CPU.ActiveCfg = Debug|Any CPU
		{0977D534-5D70-4D3C-A61D-7F8331AE0997}.Debug|Any CPU.Build.0 = Debug|Any CPU
		{0977D534-5D70-4D3C-A61D-7F8331AE0997}.Release|Any CPU.ActiveCfg = Release|Any CPU
		{0977D534-5D70-4D3C-A61D-7F8331AE0997}.Release|Any CPU.Build.0 = Release|Any CPU
	EndGlobalSection
EndGlobal
